
Microsoft Visual Studio Solution File, Format Version 12.00
# Visual Studio 15
VisualStudioVersion = 15.0.28010.2026
MinimumVisualStudioVersion = 10.0.40219.1
Project("{FAE04EC0-301F-11D3-BF4B-00C04F79EFBC}") = "Hacktube", "Hacktube\Hacktube.csproj", "{081871A1-6E87-4D69-B01F-ACECC8657D54}"
EndProject
Global
	GlobalSection(SolutionConfigurationPlatforms) = preSolution
		Debug|Any CPU = Debug|Any CPU
		Release|Any CPU = Release|Any CPU
	EndGlobalSection
	GlobalSection(ProjectConfigurationPlatforms) = postSolution
		{081871A1-6E87-4D69-B01F-ACECC8657D54}.Debug|Any CPU.ActiveCfg = Debug|Any CPU
		{081871A1-6E87-4D69-B01F-ACECC8657D54}.Debug|Any CPU.Build.0 = Debug|Any CPU
		{081871A1-6E87-4D69-B01F-ACECC8657D54}.Release|Any CPU.ActiveCfg = Release|Any CPU
		{081871A1-6E87-4D69-B01F-ACECC8657D54}.Release|Any CPU.Build.0 = Release|Any CPU
	EndGlobalSection
	GlobalSection(SolutionProperties) = preSolution
		HideSolutionNode = FALSE
	EndGlobalSection
	GlobalSection(ExtensibilityGlobals) = postSolution
		SolutionGuid = {CD008075-C492-4F74-80C4-3E8B60666293}
	EndGlobalSection
EndGlobal
